// !$*UTF8*$!
{
	archiveVersion = 1;
	classes = {
	};
	objectVersion = 56;
	objects = {

/* Begin PBXBuildFile section */
		0DE74304ACE82CB10AFEA4F2 /* Pods_Hotel.framework in Frameworks */ = {isa = PBXBuildFile; fileRef = 99D36D7477B5E93D22244F8B /* Pods_Hotel.framework */; };
		6B59DB9C2CBDEBBD00B3992A /* BookingsViewModel.swift in Sources */ = {isa = PBXBuildFile; fileRef = 6B59DB9B2CBDEBBD00B3992A /* BookingsViewModel.swift */; };
		6B719C672CBC7FB800F10E39 /* RoomFormViewModel.swift in Sources */ = {isa = PBXBuildFile; fileRef = 6B719C662CBC7FB800F10E39 /* RoomFormViewModel.swift */; };
		6B719C692CBC80D500F10E39 /* PriceTextField.swift in Sources */ = {isa = PBXBuildFile; fileRef = 6B719C682CBC80D500F10E39 /* PriceTextField.swift */; };
		6B719C6D2CBC8C2000F10E39 /* RoomsListViewController.xib in Resources */ = {isa = PBXBuildFile; fileRef = 6B719C6C2CBC8C2000F10E39 /* RoomsListViewController.xib */; };
		6B719C6E2CBC8C2000F10E39 /* RoomsListViewController.swift in Sources */ = {isa = PBXBuildFile; fileRef = 6B719C6B2CBC8C2000F10E39 /* RoomsListViewController.swift */; };
		6B8C53E92CB9BEC4002557E3 /* AppDelegate.swift in Sources */ = {isa = PBXBuildFile; fileRef = 6B8C53E82CB9BEC4002557E3 /* AppDelegate.swift */; };
		6B8C53EB2CB9BEC4002557E3 /* SceneDelegate.swift in Sources */ = {isa = PBXBuildFile; fileRef = 6B8C53EA2CB9BEC4002557E3 /* SceneDelegate.swift */; };
		6B8C53ED2CB9BEC4002557E3 /* MenuViewController.swift in Sources */ = {isa = PBXBuildFile; fileRef = 6B8C53EC2CB9BEC4002557E3 /* MenuViewController.swift */; };
		6B8C53F02CB9BEC4002557E3 /* Base in Resources */ = {isa = PBXBuildFile; fileRef = 6B8C53EF2CB9BEC4002557E3 /* Base */; };
		6B8C53F32CB9BEC4002557E3 /* Hotel.xcdatamodeld in Sources */ = {isa = PBXBuildFile; fileRef = 6B8C53F12CB9BEC4002557E3 /* Hotel.xcdatamodeld */; };
		6B8C53F52CB9BEC6002557E3 /* Assets.xcassets in Resources */ = {isa = PBXBuildFile; fileRef = 6B8C53F42CB9BEC6002557E3 /* Assets.xcassets */; };
		6B8C53F82CB9BEC6002557E3 /* Base in Resources */ = {isa = PBXBuildFile; fileRef = 6B8C53F72CB9BEC6002557E3 /* Base */; };
		6B8C540E2CB9C387002557E3 /* Font.swift in Sources */ = {isa = PBXBuildFile; fileRef = 6B8C540D2CB9C387002557E3 /* Font.swift */; };
		6B8C54102CB9C4FB002557E3 /* ShadowView.swift in Sources */ = {isa = PBXBuildFile; fileRef = 6B8C540F2CB9C4FB002557E3 /* ShadowView.swift */; };
		6B8C54122CB9C504002557E3 /* UIView.swift in Sources */ = {isa = PBXBuildFile; fileRef = 6B8C54112CB9C504002557E3 /* UIView.swift */; };
		6B98894B2CB9E532001CDCE0 /* Roboto-Medium.ttf in Resources */ = {isa = PBXBuildFile; fileRef = 6B98894A2CB9E532001CDCE0 /* Roboto-Medium.ttf */; };
		6B98894D2CB9E892001CDCE0 /* TT Travels Next DemiBold.ttf in Resources */ = {isa = PBXBuildFile; fileRef = 6B98894C2CB9E892001CDCE0 /* TT Travels Next DemiBold.ttf */; };
		6B9889502CB9E970001CDCE0 /* TT Severs Trial DemiBold.otf in Resources */ = {isa = PBXBuildFile; fileRef = 6B98894E2CB9E970001CDCE0 /* TT Severs Trial DemiBold.otf */; };
		6B9889512CB9E970001CDCE0 /* TT Severs Trial Medium.otf in Resources */ = {isa = PBXBuildFile; fileRef = 6B98894F2CB9E970001CDCE0 /* TT Severs Trial Medium.otf */; };
		6B9889552CB9EA10001CDCE0 /* Inter-Regular.otf in Resources */ = {isa = PBXBuildFile; fileRef = 6B9889542CB9EA10001CDCE0 /* Inter-Regular.otf */; };
		6B9889562CB9EA10001CDCE0 /* Inter-LightItalic.otf in Resources */ = {isa = PBXBuildFile; fileRef = 6B9889522CB9EA10001CDCE0 /* Inter-LightItalic.otf */; };
		6B9889572CB9EA10001CDCE0 /* Inter-Medium.otf in Resources */ = {isa = PBXBuildFile; fileRef = 6B9889532CB9EA10001CDCE0 /* Inter-Medium.otf */; };
		6B98895B2CB9EFD9001CDCE0 /* ViewController.swift in Sources */ = {isa = PBXBuildFile; fileRef = 6B98895A2CB9EFD3001CDCE0 /* ViewController.swift */; };
		6B9889652CB9F44E001CDCE0 /* HotelModel.swift in Sources */ = {isa = PBXBuildFile; fileRef = 6B9889642CB9F42F001CDCE0 /* HotelModel.swift */; };
		6B9889682CB9F472001CDCE0 /* HotelViewController.xib in Resources */ = {isa = PBXBuildFile; fileRef = 6B9889672CB9F472001CDCE0 /* HotelViewController.xib */; };
		6B9889692CB9F472001CDCE0 /* HotelViewController.swift in Sources */ = {isa = PBXBuildFile; fileRef = 6B9889662CB9F472001CDCE0 /* HotelViewController.swift */; };
		6B98896B2CB9F7C5001CDCE0 /* BaseTextField.swift in Sources */ = {isa = PBXBuildFile; fileRef = 6B98896A2CB9F7C5001CDCE0 /* BaseTextField.swift */; };
		6B98896D2CB9F9AD001CDCE0 /* BaseTextView.swift in Sources */ = {isa = PBXBuildFile; fileRef = 6B98896C2CB9F9AD001CDCE0 /* BaseTextView.swift */; };
		6B9889722CB9FF8E001CDCE0 /* HotelViewModel.swift in Sources */ = {isa = PBXBuildFile; fileRef = 6B9889712CB9FF8E001CDCE0 /* HotelViewModel.swift */; };
		6B9889752CBB193E001CDCE0 /* CoreDataManager.swift in Sources */ = {isa = PBXBuildFile; fileRef = 6B9889742CBB193E001CDCE0 /* CoreDataManager.swift */; };
		6B9889792CBC2EB9001CDCE0 /* RoomModel.swift in Sources */ = {isa = PBXBuildFile; fileRef = 6B9889782CBC2EB9001CDCE0 /* RoomModel.swift */; };
		6B98897E2CBC2F72001CDCE0 /* RoomsViewController.swift in Sources */ = {isa = PBXBuildFile; fileRef = 6B98897C2CBC2F72001CDCE0 /* RoomsViewController.swift */; };
		6B98897F2CBC2F72001CDCE0 /* RoomsViewController.xib in Resources */ = {isa = PBXBuildFile; fileRef = 6B98897D2CBC2F72001CDCE0 /* RoomsViewController.xib */; };
		6B9889832CBC2F9B001CDCE0 /* RoomTableViewCell.swift in Sources */ = {isa = PBXBuildFile; fileRef = 6B9889812CBC2F9B001CDCE0 /* RoomTableViewCell.swift */; };
		6B9889842CBC2F9B001CDCE0 /* RoomTableViewCell.xib in Resources */ = {isa = PBXBuildFile; fileRef = 6B9889822CBC2F9B001CDCE0 /* RoomTableViewCell.xib */; };
		6B9889862CBC45A3001CDCE0 /* RoomsViewModel.swift in Sources */ = {isa = PBXBuildFile; fileRef = 6B9889852CBC45A3001CDCE0 /* RoomsViewModel.swift */; };
		6B9889882CBC4EBC001CDCE0 /* BottomRoundedView.swift in Sources */ = {isa = PBXBuildFile; fileRef = 6B9889872CBC4EBC001CDCE0 /* BottomRoundedView.swift */; };
		6B98898A2CBC662F001CDCE0 /* Double.swift in Sources */ = {isa = PBXBuildFile; fileRef = 6B9889892CBC662F001CDCE0 /* Double.swift */; };
		6B98898F2CBC69FA001CDCE0 /* RoomFormViewController.swift in Sources */ = {isa = PBXBuildFile; fileRef = 6B98898D2CBC69FA001CDCE0 /* RoomFormViewController.swift */; };
		6B9889902CBC69FA001CDCE0 /* RoomFormViewController.xib in Resources */ = {isa = PBXBuildFile; fileRef = 6B98898E2CBC69FA001CDCE0 /* RoomFormViewController.xib */; };
		6BA9C3792CBD671C00C16DC1 /* BookRoomViewController.xib in Resources */ = {isa = PBXBuildFile; fileRef = 6BA9C3782CBD671C00C16DC1 /* BookRoomViewController.xib */; };
		6BA9C37A2CBD671C00C16DC1 /* BookRoomViewController.swift in Sources */ = {isa = PBXBuildFile; fileRef = 6BA9C3772CBD671C00C16DC1 /* BookRoomViewController.swift */; };
		6BA9C37C2CBDB26200C16DC1 /* Date.swift in Sources */ = {isa = PBXBuildFile; fileRef = 6BA9C37B2CBDB26200C16DC1 /* Date.swift */; };
		6BA9C37E2CBDB8A600C16DC1 /* BookRoomModel.swift in Sources */ = {isa = PBXBuildFile; fileRef = 6BA9C37D2CBDB8A600C16DC1 /* BookRoomModel.swift */; };
		6BA9C3812CBDB91C00C16DC1 /* BookRoomViewModel.swift in Sources */ = {isa = PBXBuildFile; fileRef = 6BA9C3802CBDB91C00C16DC1 /* BookRoomViewModel.swift */; };
		6BA9C3832CBDC49E00C16DC1 /* BaseButton.swift in Sources */ = {isa = PBXBuildFile; fileRef = 6BA9C3822CBDC49E00C16DC1 /* BaseButton.swift */; };
		6BA9C3852CBDC7CB00C16DC1 /* String.swift in Sources */ = {isa = PBXBuildFile; fileRef = 6BA9C3842CBDC7CB00C16DC1 /* String.swift */; };
		6BA9C38A2CBDE6EB00C16DC1 /* BookingsViewController.xib in Resources */ = {isa = PBXBuildFile; fileRef = 6BA9C3892CBDE6EB00C16DC1 /* BookingsViewController.xib */; };
		6BA9C38B2CBDE6EB00C16DC1 /* BookingsViewController.swift in Sources */ = {isa = PBXBuildFile; fileRef = 6BA9C3882CBDE6EB00C16DC1 /* BookingsViewController.swift */; };
		6BA9C38F2CBDE96A00C16DC1 /* BookingTableViewCell.xib in Resources */ = {isa = PBXBuildFile; fileRef = 6BA9C38E2CBDE96A00C16DC1 /* BookingTableViewCell.xib */; };
		6BA9C3902CBDE96A00C16DC1 /* BookingTableViewCell.swift in Sources */ = {isa = PBXBuildFile; fileRef = 6BA9C38D2CBDE96A00C16DC1 /* BookingTableViewCell.swift */; };
/* End PBXBuildFile section */

/* Begin PBXFileReference section */
		6B59DB9B2CBDEBBD00B3992A /* BookingsViewModel.swift */ = {isa = PBXFileReference; lastKnownFileType = sourcecode.swift; path = BookingsViewModel.swift; sourceTree = "<group>"; };
		6B719C662CBC7FB800F10E39 /* RoomFormViewModel.swift */ = {isa = PBXFileReference; lastKnownFileType = sourcecode.swift; path = RoomFormViewModel.swift; sourceTree = "<group>"; };
		6B719C682CBC80D500F10E39 /* PriceTextField.swift */ = {isa = PBXFileReference; lastKnownFileType = sourcecode.swift; path = PriceTextField.swift; sourceTree = "<group>"; };
		6B719C6B2CBC8C2000F10E39 /* RoomsListViewController.swift */ = {isa = PBXFileReference; lastKnownFileType = sourcecode.swift; path = RoomsListViewController.swift; sourceTree = "<group>"; };
		6B719C6C2CBC8C2000F10E39 /* RoomsListViewController.xib */ = {isa = PBXFileReference; lastKnownFileType = file.xib; path = RoomsListViewController.xib; sourceTree = "<group>"; };
		6B8C53E52CB9BEC4002557E3 /* Hotel.app */ = {isa = PBXFileReference; explicitFileType = wrapper.application; includeInIndex = 0; path = Hotel.app; sourceTree = BUILT_PRODUCTS_DIR; };
		6B8C53E82CB9BEC4002557E3 /* AppDelegate.swift */ = {isa = PBXFileReference; lastKnownFileType = sourcecode.swift; path = AppDelegate.swift; sourceTree = "<group>"; };
		6B8C53EA2CB9BEC4002557E3 /* SceneDelegate.swift */ = {isa = PBXFileReference; lastKnownFileType = sourcecode.swift; path = SceneDelegate.swift; sourceTree = "<group>"; };
		6B8C53EC2CB9BEC4002557E3 /* MenuViewController.swift */ = {isa = PBXFileReference; lastKnownFileType = sourcecode.swift; path = MenuViewController.swift; sourceTree = "<group>"; };
		6B8C53EF2CB9BEC4002557E3 /* Base */ = {isa = PBXFileReference; lastKnownFileType = file.storyboard; name = Base; path = Base.lproj/Menu.storyboard; sourceTree = "<group>"; };
		6B8C53F22CB9BEC4002557E3 /* Hotel.xcdatamodel */ = {isa = PBXFileReference; lastKnownFileType = wrapper.xcdatamodel; path = Hotel.xcdatamodel; sourceTree = "<group>"; };
		6B8C53F42CB9BEC6002557E3 /* Assets.xcassets */ = {isa = PBXFileReference; lastKnownFileType = folder.assetcatalog; path = Assets.xcassets; sourceTree = "<group>"; };
		6B8C53F72CB9BEC6002557E3 /* Base */ = {isa = PBXFileReference; lastKnownFileType = file.storyboard; name = Base; path = Base.lproj/LaunchScreen.storyboard; sourceTree = "<group>"; };
		6B8C53F92CB9BEC6002557E3 /* Info.plist */ = {isa = PBXFileReference; lastKnownFileType = text.plist.xml; path = Info.plist; sourceTree = "<group>"; };
		6B8C540D2CB9C387002557E3 /* Font.swift */ = {isa = PBXFileReference; lastKnownFileType = sourcecode.swift; path = Font.swift; sourceTree = "<group>"; };
		6B8C540F2CB9C4FB002557E3 /* ShadowView.swift */ = {isa = PBXFileReference; lastKnownFileType = sourcecode.swift; path = ShadowView.swift; sourceTree = "<group>"; };
		6B8C54112CB9C504002557E3 /* UIView.swift */ = {isa = PBXFileReference; lastKnownFileType = sourcecode.swift; path = UIView.swift; sourceTree = "<group>"; };
		6B98894A2CB9E532001CDCE0 /* Roboto-Medium.ttf */ = {isa = PBXFileReference; lastKnownFileType = file; path = "Roboto-Medium.ttf"; sourceTree = "<group>"; };
		6B98894C2CB9E892001CDCE0 /* TT Travels Next DemiBold.ttf */ = {isa = PBXFileReference; lastKnownFileType = file; path = "TT Travels Next DemiBold.ttf"; sourceTree = "<group>"; };
		6B98894E2CB9E970001CDCE0 /* TT Severs Trial DemiBold.otf */ = {isa = PBXFileReference; lastKnownFileType = file; path = "TT Severs Trial DemiBold.otf"; sourceTree = "<group>"; };
		6B98894F2CB9E970001CDCE0 /* TT Severs Trial Medium.otf */ = {isa = PBXFileReference; lastKnownFileType = file; path = "TT Severs Trial Medium.otf"; sourceTree = "<group>"; };
		6B9889522CB9EA10001CDCE0 /* Inter-LightItalic.otf */ = {isa = PBXFileReference; lastKnownFileType = file; path = "Inter-LightItalic.otf"; sourceTree = "<group>"; };
		6B9889532CB9EA10001CDCE0 /* Inter-Medium.otf */ = {isa = PBXFileReference; lastKnownFileType = file; path = "Inter-Medium.otf"; sourceTree = "<group>"; };
		6B9889542CB9EA10001CDCE0 /* Inter-Regular.otf */ = {isa = PBXFileReference; lastKnownFileType = file; path = "Inter-Regular.otf"; sourceTree = "<group>"; };
		6B98895A2CB9EFD3001CDCE0 /* ViewController.swift */ = {isa = PBXFileReference; lastKnownFileType = sourcecode.swift; path = ViewController.swift; sourceTree = "<group>"; };
		6B9889642CB9F42F001CDCE0 /* HotelModel.swift */ = {isa = PBXFileReference; lastKnownFileType = sourcecode.swift; path = HotelModel.swift; sourceTree = "<group>"; };
		6B9889662CB9F472001CDCE0 /* HotelViewController.swift */ = {isa = PBXFileReference; lastKnownFileType = sourcecode.swift; path = HotelViewController.swift; sourceTree = "<group>"; };
		6B9889672CB9F472001CDCE0 /* HotelViewController.xib */ = {isa = PBXFileReference; lastKnownFileType = file.xib; path = HotelViewController.xib; sourceTree = "<group>"; };
		6B98896A2CB9F7C5001CDCE0 /* BaseTextField.swift */ = {isa = PBXFileReference; lastKnownFileType = sourcecode.swift; path = BaseTextField.swift; sourceTree = "<group>"; };
		6B98896C2CB9F9AD001CDCE0 /* BaseTextView.swift */ = {isa = PBXFileReference; lastKnownFileType = sourcecode.swift; path = BaseTextView.swift; sourceTree = "<group>"; };
		6B9889712CB9FF8E001CDCE0 /* HotelViewModel.swift */ = {isa = PBXFileReference; lastKnownFileType = sourcecode.swift; path = HotelViewModel.swift; sourceTree = "<group>"; };
		6B9889742CBB193E001CDCE0 /* CoreDataManager.swift */ = {isa = PBXFileReference; lastKnownFileType = sourcecode.swift; path = CoreDataManager.swift; sourceTree = "<group>"; };
		6B9889782CBC2EB9001CDCE0 /* RoomModel.swift */ = {isa = PBXFileReference; lastKnownFileType = sourcecode.swift; path = RoomModel.swift; sourceTree = "<group>"; };
		6B98897C2CBC2F72001CDCE0 /* RoomsViewController.swift */ = {isa = PBXFileReference; lastKnownFileType = sourcecode.swift; path = RoomsViewController.swift; sourceTree = "<group>"; };
		6B98897D2CBC2F72001CDCE0 /* RoomsViewController.xib */ = {isa = PBXFileReference; lastKnownFileType = file.xib; path = RoomsViewController.xib; sourceTree = "<group>"; };
		6B9889812CBC2F9B001CDCE0 /* RoomTableViewCell.swift */ = {isa = PBXFileReference; lastKnownFileType = sourcecode.swift; path = RoomTableViewCell.swift; sourceTree = "<group>"; };
		6B9889822CBC2F9B001CDCE0 /* RoomTableViewCell.xib */ = {isa = PBXFileReference; lastKnownFileType = file.xib; path = RoomTableViewCell.xib; sourceTree = "<group>"; };
		6B9889852CBC45A3001CDCE0 /* RoomsViewModel.swift */ = {isa = PBXFileReference; lastKnownFileType = sourcecode.swift; path = RoomsViewModel.swift; sourceTree = "<group>"; };
		6B9889872CBC4EBC001CDCE0 /* BottomRoundedView.swift */ = {isa = PBXFileReference; lastKnownFileType = sourcecode.swift; path = BottomRoundedView.swift; sourceTree = "<group>"; };
		6B9889892CBC662F001CDCE0 /* Double.swift */ = {isa = PBXFileReference; lastKnownFileType = sourcecode.swift; path = Double.swift; sourceTree = "<group>"; };
		6B98898D2CBC69FA001CDCE0 /* RoomFormViewController.swift */ = {isa = PBXFileReference; lastKnownFileType = sourcecode.swift; path = RoomFormViewController.swift; sourceTree = "<group>"; };
		6B98898E2CBC69FA001CDCE0 /* RoomFormViewController.xib */ = {isa = PBXFileReference; lastKnownFileType = file.xib; path = RoomFormViewController.xib; sourceTree = "<group>"; };
		6BA9C3772CBD671C00C16DC1 /* BookRoomViewController.swift */ = {isa = PBXFileReference; lastKnownFileType = sourcecode.swift; path = BookRoomViewController.swift; sourceTree = "<group>"; };
		6BA9C3782CBD671C00C16DC1 /* BookRoomViewController.xib */ = {isa = PBXFileReference; lastKnownFileType = file.xib; path = BookRoomViewController.xib; sourceTree = "<group>"; };
		6BA9C37B2CBDB26200C16DC1 /* Date.swift */ = {isa = PBXFileReference; lastKnownFileType = sourcecode.swift; path = Date.swift; sourceTree = "<group>"; };
		6BA9C37D2CBDB8A600C16DC1 /* BookRoomModel.swift */ = {isa = PBXFileReference; lastKnownFileType = sourcecode.swift; path = BookRoomModel.swift; sourceTree = "<group>"; };
		6BA9C3802CBDB91C00C16DC1 /* BookRoomViewModel.swift */ = {isa = PBXFileReference; lastKnownFileType = sourcecode.swift; path = BookRoomViewModel.swift; sourceTree = "<group>"; };
		6BA9C3822CBDC49E00C16DC1 /* BaseButton.swift */ = {isa = PBXFileReference; lastKnownFileType = sourcecode.swift; path = BaseButton.swift; sourceTree = "<group>"; };
		6BA9C3842CBDC7CB00C16DC1 /* String.swift */ = {isa = PBXFileReference; lastKnownFileType = sourcecode.swift; path = String.swift; sourceTree = "<group>"; };
		6BA9C3882CBDE6EB00C16DC1 /* BookingsViewController.swift */ = {isa = PBXFileReference; lastKnownFileType = sourcecode.swift; path = BookingsViewController.swift; sourceTree = "<group>"; };
		6BA9C3892CBDE6EB00C16DC1 /* BookingsViewController.xib */ = {isa = PBXFileReference; lastKnownFileType = file.xib; path = BookingsViewController.xib; sourceTree = "<group>"; };
		6BA9C38D2CBDE96A00C16DC1 /* BookingTableViewCell.swift */ = {isa = PBXFileReference; lastKnownFileType = sourcecode.swift; path = BookingTableViewCell.swift; sourceTree = "<group>"; };
		6BA9C38E2CBDE96A00C16DC1 /* BookingTableViewCell.xib */ = {isa = PBXFileReference; lastKnownFileType = file.xib; path = BookingTableViewCell.xib; sourceTree = "<group>"; };
		99D36D7477B5E93D22244F8B /* Pods_Hotel.framework */ = {isa = PBXFileReference; explicitFileType = wrapper.framework; includeInIndex = 0; path = Pods_Hotel.framework; sourceTree = BUILT_PRODUCTS_DIR; };
		AEE18B0F3742FA577FE3D36D /* Pods-Hotel.debug.xcconfig */ = {isa = PBXFileReference; includeInIndex = 1; lastKnownFileType = text.xcconfig; name = "Pods-Hotel.debug.xcconfig"; path = "Target Support Files/Pods-Hotel/Pods-Hotel.debug.xcconfig"; sourceTree = "<group>"; };
		E931EECF51BAC4B59D430A8E /* Pods-Hotel.release.xcconfig */ = {isa = PBXFileReference; includeInIndex = 1; lastKnownFileType = text.xcconfig; name = "Pods-Hotel.release.xcconfig"; path = "Target Support Files/Pods-Hotel/Pods-Hotel.release.xcconfig"; sourceTree = "<group>"; };
/* End PBXFileReference section */

/* Begin PBXFrameworksBuildPhase section */
		6B8C53E22CB9BEC4002557E3 /* Frameworks */ = {
			isa = PBXFrameworksBuildPhase;
			buildActionMask = 2147483647;
			files = (
				0DE74304ACE82CB10AFEA4F2 /* Pods_Hotel.framework in Frameworks */,
			);
			runOnlyForDeploymentPostprocessing = 0;
		};
/* End PBXFrameworksBuildPhase section */

/* Begin PBXGroup section */
		1A5AA8D4FB58E976BDC1434D /* Pods */ = {
			isa = PBXGroup;
			children = (
				AEE18B0F3742FA577FE3D36D /* Pods-Hotel.debug.xcconfig */,
				E931EECF51BAC4B59D430A8E /* Pods-Hotel.release.xcconfig */,
			);
			path = Pods;
			sourceTree = "<group>";
		};
		317D294B286BCEA659CF647A /* Frameworks */ = {
			isa = PBXGroup;
			children = (
				99D36D7477B5E93D22244F8B /* Pods_Hotel.framework */,
			);
			name = Frameworks;
			sourceTree = "<group>";
		};
		6B59DB9A2CBDEBAA00B3992A /* ViewModel */ = {
			isa = PBXGroup;
			children = (
				6B59DB9B2CBDEBBD00B3992A /* BookingsViewModel.swift */,
			);
			path = ViewModel;
			sourceTree = "<group>";
		};
		6B719C652CBC7FA600F10E39 /* ViewModel */ = {
			isa = PBXGroup;
			children = (
				6B719C662CBC7FB800F10E39 /* RoomFormViewModel.swift */,
			);
			path = ViewModel;
			sourceTree = "<group>";
		};
		6B719C6A2CBC8BF600F10E39 /* RoomsList */ = {
			isa = PBXGroup;
			children = (
				6B719C6B2CBC8C2000F10E39 /* RoomsListViewController.swift */,
				6B719C6C2CBC8C2000F10E39 /* RoomsListViewController.xib */,
			);
			path = RoomsList;
			sourceTree = "<group>";
		};
		6B719C6F2CBC8CF500F10E39 /* BookRoom */ = {
			isa = PBXGroup;
			children = (
				6BA9C37F2CBDB90E00C16DC1 /* ViewModel */,
				6B719C712CBC8D0D00F10E39 /* BookRoomModel */,
				6B719C702CBC8CFB00F10E39 /* View */,
			);
			path = BookRoom;
			sourceTree = "<group>";
		};
		6B719C702CBC8CFB00F10E39 /* View */ = {
			isa = PBXGroup;
			children = (
				6BA9C3772CBD671C00C16DC1 /* BookRoomViewController.swift */,
				6BA9C3782CBD671C00C16DC1 /* BookRoomViewController.xib */,
			);
			path = View;
			sourceTree = "<group>";
		};
		6B719C712CBC8D0D00F10E39 /* BookRoomModel */ = {
			isa = PBXGroup;
			children = (
				6BA9C37D2CBDB8A600C16DC1 /* BookRoomModel.swift */,
			);
			path = BookRoomModel;
			sourceTree = "<group>";
		};
		6B8C53DC2CB9BEC4002557E3 = {
			isa = PBXGroup;
			children = (
				6B8C53E72CB9BEC4002557E3 /* Hotel */,
				6B8C53E62CB9BEC4002557E3 /* Products */,
				1A5AA8D4FB58E976BDC1434D /* Pods */,
				317D294B286BCEA659CF647A /* Frameworks */,
			);
			sourceTree = "<group>";
		};
		6B8C53E62CB9BEC4002557E3 /* Products */ = {
			isa = PBXGroup;
			children = (
				6B8C53E52CB9BEC4002557E3 /* Hotel.app */,
			);
			name = Products;
			sourceTree = "<group>";
		};
		6B8C53E72CB9BEC4002557E3 /* Hotel */ = {
			isa = PBXGroup;
			children = (
				6BA9C3862CBDE6D900C16DC1 /* Bookings */,
				6B719C6F2CBC8CF500F10E39 /* BookRoom */,
				6B719C6A2CBC8BF600F10E39 /* RoomsList */,
				6B98898B2CBC69D3001CDCE0 /* RoomForm */,
				6B9889762CBC2E99001CDCE0 /* Rooms */,
				6B9889732CBB190A001CDCE0 /* CoreData */,
				6B98895D2CB9F3E4001CDCE0 /* Hotel */,
				6B98895C2CB9F3D9001CDCE0 /* Menu */,
				6B8C53FF2CB9C1C2002557E3 /* Extensions */,
				6B8C53E82CB9BEC4002557E3 /* AppDelegate.swift */,
				6B8C53EA2CB9BEC4002557E3 /* SceneDelegate.swift */,
				6B8C53F42CB9BEC6002557E3 /* Assets.xcassets */,
				6B8C53F62CB9BEC6002557E3 /* LaunchScreen.storyboard */,
				6B8C53F92CB9BEC6002557E3 /* Info.plist */,
				6B8C53F12CB9BEC4002557E3 /* Hotel.xcdatamodeld */,
			);
			path = Hotel;
			sourceTree = "<group>";
		};
		6B8C53FF2CB9C1C2002557E3 /* Extensions */ = {
			isa = PBXGroup;
			children = (
				6B8C54002CB9C1CD002557E3 /* Font */,
				6B8C540F2CB9C4FB002557E3 /* ShadowView.swift */,
				6B719C682CBC80D500F10E39 /* PriceTextField.swift */,
				6B98895A2CB9EFD3001CDCE0 /* ViewController.swift */,
				6B98896C2CB9F9AD001CDCE0 /* BaseTextView.swift */,
				6B98896A2CB9F7C5001CDCE0 /* BaseTextField.swift */,
				6B9889892CBC662F001CDCE0 /* Double.swift */,
				6BA9C3822CBDC49E00C16DC1 /* BaseButton.swift */,
				6B8C54112CB9C504002557E3 /* UIView.swift */,
				6B9889872CBC4EBC001CDCE0 /* BottomRoundedView.swift */,
				6BA9C3842CBDC7CB00C16DC1 /* String.swift */,
				6BA9C37B2CBDB26200C16DC1 /* Date.swift */,
			);
			path = Extensions;
			sourceTree = "<group>";
		};
		6B8C54002CB9C1CD002557E3 /* Font */ = {
			isa = PBXGroup;
			children = (
				6B98894E2CB9E970001CDCE0 /* TT Severs Trial DemiBold.otf */,
				6B98894F2CB9E970001CDCE0 /* TT Severs Trial Medium.otf */,
				6B9889522CB9EA10001CDCE0 /* Inter-LightItalic.otf */,
				6B9889532CB9EA10001CDCE0 /* Inter-Medium.otf */,
				6B9889542CB9EA10001CDCE0 /* Inter-Regular.otf */,
				6B98894A2CB9E532001CDCE0 /* Roboto-Medium.ttf */,
				6B98894C2CB9E892001CDCE0 /* TT Travels Next DemiBold.ttf */,
				6B8C540D2CB9C387002557E3 /* Font.swift */,
			);
			path = Font;
			sourceTree = "<group>";
		};
		6B98895C2CB9F3D9001CDCE0 /* Menu */ = {
			isa = PBXGroup;
			children = (
				6B8C53EC2CB9BEC4002557E3 /* MenuViewController.swift */,
				6B8C53EE2CB9BEC4002557E3 /* Menu.storyboard */,
			);
			path = Menu;
			sourceTree = "<group>";
		};
		6B98895D2CB9F3E4001CDCE0 /* Hotel */ = {
			isa = PBXGroup;
			children = (
				6B98896E2CB9FF73001CDCE0 /* ViewModel */,
				6B9889632CB9F429001CDCE0 /* Model */,
				6B98895E2CB9F3F4001CDCE0 /* View */,
			);
			path = Hotel;
			sourceTree = "<group>";
		};
		6B98895E2CB9F3F4001CDCE0 /* View */ = {
			isa = PBXGroup;
			children = (
				6B9889662CB9F472001CDCE0 /* HotelViewController.swift */,
				6B9889672CB9F472001CDCE0 /* HotelViewController.xib */,
			);
			path = View;
			sourceTree = "<group>";
		};
		6B9889632CB9F429001CDCE0 /* Model */ = {
			isa = PBXGroup;
			children = (
				6B9889642CB9F42F001CDCE0 /* HotelModel.swift */,
			);
			path = Model;
			sourceTree = "<group>";
		};
		6B98896E2CB9FF73001CDCE0 /* ViewModel */ = {
			isa = PBXGroup;
			children = (
				6B9889712CB9FF8E001CDCE0 /* HotelViewModel.swift */,
			);
			path = ViewModel;
			sourceTree = "<group>";
		};
		6B9889732CBB190A001CDCE0 /* CoreData */ = {
			isa = PBXGroup;
			children = (
				6B9889742CBB193E001CDCE0 /* CoreDataManager.swift */,
			);
			path = CoreData;
			sourceTree = "<group>";
		};
		6B9889762CBC2E99001CDCE0 /* Rooms */ = {
			isa = PBXGroup;
			children = (
				6B9889802CBC2F87001CDCE0 /* Cell */,
				6B98897B2CBC2F61001CDCE0 /* ViewModel */,
				6B9889772CBC2EAC001CDCE0 /* Model */,
				6B98897A2CBC2F5B001CDCE0 /* View */,
			);
			path = Rooms;
			sourceTree = "<group>";
		};
		6B9889772CBC2EAC001CDCE0 /* Model */ = {
			isa = PBXGroup;
			children = (
				6B9889782CBC2EB9001CDCE0 /* RoomModel.swift */,
			);
			path = Model;
			sourceTree = "<group>";
		};
		6B98897A2CBC2F5B001CDCE0 /* View */ = {
			isa = PBXGroup;
			children = (
				6B98897C2CBC2F72001CDCE0 /* RoomsViewController.swift */,
				6B98897D2CBC2F72001CDCE0 /* RoomsViewController.xib */,
			);
			path = View;
			sourceTree = "<group>";
		};
		6B98897B2CBC2F61001CDCE0 /* ViewModel */ = {
			isa = PBXGroup;
			children = (
				6B9889852CBC45A3001CDCE0 /* RoomsViewModel.swift */,
			);
			path = ViewModel;
			sourceTree = "<group>";
		};
		6B9889802CBC2F87001CDCE0 /* Cell */ = {
			isa = PBXGroup;
			children = (
				6B9889812CBC2F9B001CDCE0 /* RoomTableViewCell.swift */,
				6B9889822CBC2F9B001CDCE0 /* RoomTableViewCell.xib */,
			);
			path = Cell;
			sourceTree = "<group>";
		};
		6B98898B2CBC69D3001CDCE0 /* RoomForm */ = {
			isa = PBXGroup;
			children = (
				6B719C652CBC7FA600F10E39 /* ViewModel */,
				6B98898C2CBC69E8001CDCE0 /* View */,
			);
			path = RoomForm;
			sourceTree = "<group>";
		};
		6B98898C2CBC69E8001CDCE0 /* View */ = {
			isa = PBXGroup;
			children = (
				6B98898D2CBC69FA001CDCE0 /* RoomFormViewController.swift */,
				6B98898E2CBC69FA001CDCE0 /* RoomFormViewController.xib */,
			);
			path = View;
			sourceTree = "<group>";
		};
		6BA9C37F2CBDB90E00C16DC1 /* ViewModel */ = {
			isa = PBXGroup;
			children = (
				6BA9C3802CBDB91C00C16DC1 /* BookRoomViewModel.swift */,
			);
			path = ViewModel;
			sourceTree = "<group>";
		};
		6BA9C3862CBDE6D900C16DC1 /* Bookings */ = {
			isa = PBXGroup;
			children = (
				6B59DB9A2CBDEBAA00B3992A /* ViewModel */,
				6BA9C38C2CBDE95A00C16DC1 /* Cell */,
				6BA9C3872CBDE6DF00C16DC1 /* View */,
			);
			path = Bookings;
			sourceTree = "<group>";
		};
		6BA9C3872CBDE6DF00C16DC1 /* View */ = {
			isa = PBXGroup;
			children = (
				6BA9C3882CBDE6EB00C16DC1 /* BookingsViewController.swift */,
				6BA9C3892CBDE6EB00C16DC1 /* BookingsViewController.xib */,
			);
			path = View;
			sourceTree = "<group>";
		};
		6BA9C38C2CBDE95A00C16DC1 /* Cell */ = {
			isa = PBXGroup;
			children = (
				6BA9C38D2CBDE96A00C16DC1 /* BookingTableViewCell.swift */,
				6BA9C38E2CBDE96A00C16DC1 /* BookingTableViewCell.xib */,
			);
			path = Cell;
			sourceTree = "<group>";
		};
/* End PBXGroup section */

/* Begin PBXNativeTarget section */
		6B8C53E42CB9BEC4002557E3 /* Hotel */ = {
			isa = PBXNativeTarget;
			buildConfigurationList = 6B8C53FC2CB9BEC6002557E3 /* Build configuration list for PBXNativeTarget "Hotel" */;
			buildPhases = (
				0D0FD7570FD42E3320401BCD /* [CP] Check Pods Manifest.lock */,
				6B8C53E12CB9BEC4002557E3 /* Sources */,
				6B8C53E22CB9BEC4002557E3 /* Frameworks */,
				6B8C53E32CB9BEC4002557E3 /* Resources */,
				FA6F5A3F6D0EFEA9AF995523 /* [CP] Embed Pods Frameworks */,
			);
			buildRules = (
			);
			dependencies = (
			);
			name = Hotel;
			productName = Hotel;
			productReference = 6B8C53E52CB9BEC4002557E3 /* Hotel.app */;
			productType = "com.apple.product-type.application";
		};
/* End PBXNativeTarget section */

/* Begin PBXProject section */
		6B8C53DD2CB9BEC4002557E3 /* Project object */ = {
			isa = PBXProject;
			attributes = {
				BuildIndependentTargetsInParallel = 1;
				LastSwiftUpdateCheck = 1540;
				LastUpgradeCheck = 1540;
				TargetAttributes = {
					6B8C53E42CB9BEC4002557E3 = {
						CreatedOnToolsVersion = 15.4;
					};
				};
			};
			buildConfigurationList = 6B8C53E02CB9BEC4002557E3 /* Build configuration list for PBXProject "Hotel" */;
			compatibilityVersion = "Xcode 14.0";
			developmentRegion = en;
			hasScannedForEncodings = 0;
			knownRegions = (
				en,
				Base,
			);
			mainGroup = 6B8C53DC2CB9BEC4002557E3;
			productRefGroup = 6B8C53E62CB9BEC4002557E3 /* Products */;
			projectDirPath = "";
			projectRoot = "";
			targets = (
				6B8C53E42CB9BEC4002557E3 /* Hotel */,
			);
		};
/* End PBXProject section */

/* Begin PBXResourcesBuildPhase section */
		6B8C53E32CB9BEC4002557E3 /* Resources */ = {
			isa = PBXResourcesBuildPhase;
			buildActionMask = 2147483647;
			files = (
				6B98894B2CB9E532001CDCE0 /* Roboto-Medium.ttf in Resources */,
				6B9889842CBC2F9B001CDCE0 /* RoomTableViewCell.xib in Resources */,
				6BA9C3792CBD671C00C16DC1 /* BookRoomViewController.xib in Resources */,
				6B9889552CB9EA10001CDCE0 /* Inter-Regular.otf in Resources */,
				6B719C6D2CBC8C2000F10E39 /* RoomsListViewController.xib in Resources */,
				6BA9C38A2CBDE6EB00C16DC1 /* BookingsViewController.xib in Resources */,
				6B9889562CB9EA10001CDCE0 /* Inter-LightItalic.otf in Resources */,
				6B9889572CB9EA10001CDCE0 /* Inter-Medium.otf in Resources */,
				6B9889902CBC69FA001CDCE0 /* RoomFormViewController.xib in Resources */,
				6B8C53F52CB9BEC6002557E3 /* Assets.xcassets in Resources */,
				6B9889682CB9F472001CDCE0 /* HotelViewController.xib in Resources */,
				6BA9C38F2CBDE96A00C16DC1 /* BookingTableViewCell.xib in Resources */,
				6B8C53F82CB9BEC6002557E3 /* Base in Resources */,
				6B98897F2CBC2F72001CDCE0 /* RoomsViewController.xib in Resources */,
				6B8C53F02CB9BEC4002557E3 /* Base in Resources */,
				6B9889502CB9E970001CDCE0 /* TT Severs Trial DemiBold.otf in Resources */,
				6B9889512CB9E970001CDCE0 /* TT Severs Trial Medium.otf in Resources */,
				6B98894D2CB9E892001CDCE0 /* TT Travels Next DemiBold.ttf in Resources */,
			);
			runOnlyForDeploymentPostprocessing = 0;
		};
/* End PBXResourcesBuildPhase section */

/* Begin PBXShellScriptBuildPhase section */
		0D0FD7570FD42E3320401BCD /* [CP] Check Pods Manifest.lock */ = {
			isa = PBXShellScriptBuildPhase;
			buildActionMask = 2147483647;
			files = (
			);
			inputFileListPaths = (
			);
			inputPaths = (
				"${PODS_PODFILE_DIR_PATH}/Podfile.lock",
				"${PODS_ROOT}/Manifest.lock",
			);
			name = "[CP] Check Pods Manifest.lock";
			outputFileListPaths = (
			);
			outputPaths = (
				"$(DERIVED_FILE_DIR)/Pods-Hotel-checkManifestLockResult.txt",
			);
			runOnlyForDeploymentPostprocessing = 0;
			shellPath = /bin/sh;
			shellScript = "diff \"${PODS_PODFILE_DIR_PATH}/Podfile.lock\" \"${PODS_ROOT}/Manifest.lock\" > /dev/null\nif [ $? != 0 ] ; then\n    # print error to STDERR\n    echo \"error: The sandbox is not in sync with the Podfile.lock. Run 'pod install' or update your CocoaPods installation.\" >&2\n    exit 1\nfi\n# This output is used by Xcode 'outputs' to avoid re-running this script phase.\necho \"SUCCESS\" > \"${SCRIPT_OUTPUT_FILE_0}\"\n";
			showEnvVarsInLog = 0;
		};
		FA6F5A3F6D0EFEA9AF995523 /* [CP] Embed Pods Frameworks */ = {
			isa = PBXShellScriptBuildPhase;
			buildActionMask = 2147483647;
			files = (
			);
			inputFileListPaths = (
				"${PODS_ROOT}/Target Support Files/Pods-Hotel/Pods-Hotel-frameworks-${CONFIGURATION}-input-files.xcfilelist",
			);
			name = "[CP] Embed Pods Frameworks";
			outputFileListPaths = (
				"${PODS_ROOT}/Target Support Files/Pods-Hotel/Pods-Hotel-frameworks-${CONFIGURATION}-output-files.xcfilelist",
			);
			runOnlyForDeploymentPostprocessing = 0;
			shellPath = /bin/sh;
			shellScript = "\"${PODS_ROOT}/Target Support Files/Pods-Hotel/Pods-Hotel-frameworks.sh\"\n";
			showEnvVarsInLog = 0;
		};
/* End PBXShellScriptBuildPhase section */

/* Begin PBXSourcesBuildPhase section */
		6B8C53E12CB9BEC4002557E3 /* Sources */ = {
			isa = PBXSourcesBuildPhase;
			buildActionMask = 2147483647;
			files = (
				6B9889882CBC4EBC001CDCE0 /* BottomRoundedView.swift in Sources */,
				6BA9C3902CBDE96A00C16DC1 /* BookingTableViewCell.swift in Sources */,
				6BA9C37E2CBDB8A600C16DC1 /* BookRoomModel.swift in Sources */,
				6B9889652CB9F44E001CDCE0 /* HotelModel.swift in Sources */,
				6B8C54102CB9C4FB002557E3 /* ShadowView.swift in Sources */,
				6B9889792CBC2EB9001CDCE0 /* RoomModel.swift in Sources */,
				6B98897E2CBC2F72001CDCE0 /* RoomsViewController.swift in Sources */,
				6B719C672CBC7FB800F10E39 /* RoomFormViewModel.swift in Sources */,
				6BA9C38B2CBDE6EB00C16DC1 /* BookingsViewController.swift in Sources */,
				6B8C53ED2CB9BEC4002557E3 /* MenuViewController.swift in Sources */,
				6B8C53E92CB9BEC4002557E3 /* AppDelegate.swift in Sources */,
				6B98896B2CB9F7C5001CDCE0 /* BaseTextField.swift in Sources */,
				6B8C54122CB9C504002557E3 /* UIView.swift in Sources */,
				6B9889832CBC2F9B001CDCE0 /* RoomTableViewCell.swift in Sources */,
				6BA9C3852CBDC7CB00C16DC1 /* String.swift in Sources */,
				6B98898F2CBC69FA001CDCE0 /* RoomFormViewController.swift in Sources */,
				6B8C540E2CB9C387002557E3 /* Font.swift in Sources */,
				6B8C53F32CB9BEC4002557E3 /* Hotel.xcdatamodeld in Sources */,
				6B98895B2CB9EFD9001CDCE0 /* ViewController.swift in Sources */,
				6B719C692CBC80D500F10E39 /* PriceTextField.swift in Sources */,
				6B8C53EB2CB9BEC4002557E3 /* SceneDelegate.swift in Sources */,
				6B9889692CB9F472001CDCE0 /* HotelViewController.swift in Sources */,
				6BA9C3832CBDC49E00C16DC1 /* BaseButton.swift in Sources */,
				6B9889722CB9FF8E001CDCE0 /* HotelViewModel.swift in Sources */,
				6B719C6E2CBC8C2000F10E39 /* RoomsListViewController.swift in Sources */,
				6B9889752CBB193E001CDCE0 /* CoreDataManager.swift in Sources */,
				6B98896D2CB9F9AD001CDCE0 /* BaseTextView.swift in Sources */,
				6BA9C37A2CBD671C00C16DC1 /* BookRoomViewController.swift in Sources */,
				6BA9C37C2CBDB26200C16DC1 /* Date.swift in Sources */,
				6B59DB9C2CBDEBBD00B3992A /* BookingsViewModel.swift in Sources */,
				6B98898A2CBC662F001CDCE0 /* Double.swift in Sources */,
				6BA9C3812CBDB91C00C16DC1 /* BookRoomViewModel.swift in Sources */,
				6B9889862CBC45A3001CDCE0 /* RoomsViewModel.swift in Sources */,
			);
			runOnlyForDeploymentPostprocessing = 0;
		};
/* End PBXSourcesBuildPhase section */

/* Begin PBXVariantGroup section */
		6B8C53EE2CB9BEC4002557E3 /* Menu.storyboard */ = {
			isa = PBXVariantGroup;
			children = (
				6B8C53EF2CB9BEC4002557E3 /* Base */,
			);
			name = Menu.storyboard;
			sourceTree = "<group>";
		};
		6B8C53F62CB9BEC6002557E3 /* LaunchScreen.storyboard */ = {
			isa = PBXVariantGroup;
			children = (
				6B8C53F72CB9BEC6002557E3 /* Base */,
			);
			name = LaunchScreen.storyboard;
			sourceTree = "<group>";
		};
/* End PBXVariantGroup section */

/* Begin XCBuildConfiguration section */
		6B8C53FA2CB9BEC6002557E3 /* Debug */ = {
			isa = XCBuildConfiguration;
			buildSettings = {
				ALWAYS_SEARCH_USER_PATHS = NO;
				ASSETCATALOG_COMPILER_GENERATE_SWIFT_ASSET_SYMBOL_EXTENSIONS = YES;
				CLANG_ANALYZER_NONNULL = YES;
				CLANG_ANALYZER_NUMBER_OBJECT_CONVERSION = YES_AGGRESSIVE;
				CLANG_CXX_LANGUAGE_STANDARD = "gnu++20";
				CLANG_ENABLE_MODULES = YES;
				CLANG_ENABLE_OBJC_ARC = YES;
				CLANG_ENABLE_OBJC_WEAK = YES;
				CLANG_WARN_BLOCK_CAPTURE_AUTORELEASING = YES;
				CLANG_WARN_BOOL_CONVERSION = YES;
				CLANG_WARN_COMMA = YES;
				CLANG_WARN_CONSTANT_CONVERSION = YES;
				CLANG_WARN_DEPRECATED_OBJC_IMPLEMENTATIONS = YES;
				CLANG_WARN_DIRECT_OBJC_ISA_USAGE = YES_ERROR;
				CLANG_WARN_DOCUMENTATION_COMMENTS = YES;
				CLANG_WARN_EMPTY_BODY = YES;
				CLANG_WARN_ENUM_CONVERSION = YES;
				CLANG_WARN_INFINITE_RECURSION = YES;
				CLANG_WARN_INT_CONVERSION = YES;
				CLANG_WARN_NON_LITERAL_NULL_CONVERSION = YES;
				CLANG_WARN_OBJC_IMPLICIT_RETAIN_SELF = YES;
				CLANG_WARN_OBJC_LITERAL_CONVERSION = YES;
				CLANG_WARN_OBJC_ROOT_CLASS = YES_ERROR;
				CLANG_WARN_QUOTED_INCLUDE_IN_FRAMEWORK_HEADER = YES;
				CLANG_WARN_RANGE_LOOP_ANALYSIS = YES;
				CLANG_WARN_STRICT_PROTOTYPES = YES;
				CLANG_WARN_SUSPICIOUS_MOVE = YES;
				CLANG_WARN_UNGUARDED_AVAILABILITY = YES_AGGRESSIVE;
				CLANG_WARN_UNREACHABLE_CODE = YES;
				CLANG_WARN__DUPLICATE_METHOD_MATCH = YES;
				COPY_PHASE_STRIP = NO;
				DEBUG_INFORMATION_FORMAT = dwarf;
				ENABLE_STRICT_OBJC_MSGSEND = YES;
				ENABLE_TESTABILITY = YES;
				ENABLE_USER_SCRIPT_SANDBOXING = NO;
				GCC_C_LANGUAGE_STANDARD = gnu17;
				GCC_DYNAMIC_NO_PIC = NO;
				GCC_NO_COMMON_BLOCKS = YES;
				GCC_OPTIMIZATION_LEVEL = 0;
				GCC_PREPROCESSOR_DEFINITIONS = (
					"DEBUG=1",
					"$(inherited)",
				);
				GCC_WARN_64_TO_32_BIT_CONVERSION = YES;
				GCC_WARN_ABOUT_RETURN_TYPE = YES_ERROR;
				GCC_WARN_UNDECLARED_SELECTOR = YES;
				GCC_WARN_UNINITIALIZED_AUTOS = YES_AGGRESSIVE;
				GCC_WARN_UNUSED_FUNCTION = YES;
				GCC_WARN_UNUSED_VARIABLE = YES;
				IPHONEOS_DEPLOYMENT_TARGET = 15.0;
				LOCALIZATION_PREFERS_STRING_CATALOGS = YES;
				MTL_ENABLE_DEBUG_INFO = INCLUDE_SOURCE;
				MTL_FAST_MATH = YES;
				ONLY_ACTIVE_ARCH = YES;
				SDKROOT = iphoneos;
				SWIFT_ACTIVE_COMPILATION_CONDITIONS = "DEBUG $(inherited)";
				SWIFT_OPTIMIZATION_LEVEL = "-Onone";
			};
			name = Debug;
		};
		6B8C53FB2CB9BEC6002557E3 /* Release */ = {
			isa = XCBuildConfiguration;
			buildSettings = {
				ALWAYS_SEARCH_USER_PATHS = NO;
				ASSETCATALOG_COMPILER_GENERATE_SWIFT_ASSET_SYMBOL_EXTENSIONS = YES;
				CLANG_ANALYZER_NONNULL = YES;
				CLANG_ANALYZER_NUMBER_OBJECT_CONVERSION = YES_AGGRESSIVE;
				CLANG_CXX_LANGUAGE_STANDARD = "gnu++20";
				CLANG_ENABLE_MODULES = YES;
				CLANG_ENABLE_OBJC_ARC = YES;
				CLANG_ENABLE_OBJC_WEAK = YES;
				CLANG_WARN_BLOCK_CAPTURE_AUTORELEASING = YES;
				CLANG_WARN_BOOL_CONVERSION = YES;
				CLANG_WARN_COMMA = YES;
				CLANG_WARN_CONSTANT_CONVERSION = YES;
				CLANG_WARN_DEPRECATED_OBJC_IMPLEMENTATIONS = YES;
				CLANG_WARN_DIRECT_OBJC_ISA_USAGE = YES_ERROR;
				CLANG_WARN_DOCUMENTATION_COMMENTS = YES;
				CLANG_WARN_EMPTY_BODY = YES;
				CLANG_WARN_ENUM_CONVERSION = YES;
				CLANG_WARN_INFINITE_RECURSION = YES;
				CLANG_WARN_INT_CONVERSION = YES;
				CLANG_WARN_NON_LITERAL_NULL_CONVERSION = YES;
				CLANG_WARN_OBJC_IMPLICIT_RETAIN_SELF = YES;
				CLANG_WARN_OBJC_LITERAL_CONVERSION = YES;
				CLANG_WARN_OBJC_ROOT_CLASS = YES_ERROR;
				CLANG_WARN_QUOTED_INCLUDE_IN_FRAMEWORK_HEADER = YES;
				CLANG_WARN_RANGE_LOOP_ANALYSIS = YES;
				CLANG_WARN_STRICT_PROTOTYPES = YES;
				CLANG_WARN_SUSPICIOUS_MOVE = YES;
				CLANG_WARN_UNGUARDED_AVAILABILITY = YES_AGGRESSIVE;
				CLANG_WARN_UNREACHABLE_CODE = YES;
				CLANG_WARN__DUPLICATE_METHOD_MATCH = YES;
				COPY_PHASE_STRIP = NO;
				DEBUG_INFORMATION_FORMAT = "dwarf-with-dsym";
				ENABLE_NS_ASSERTIONS = NO;
				ENABLE_STRICT_OBJC_MSGSEND = YES;
				ENABLE_USER_SCRIPT_SANDBOXING = NO;
				GCC_C_LANGUAGE_STANDARD = gnu17;
				GCC_NO_COMMON_BLOCKS = YES;
				GCC_WARN_64_TO_32_BIT_CONVERSION = YES;
				GCC_WARN_ABOUT_RETURN_TYPE = YES_ERROR;
				GCC_WARN_UNDECLARED_SELECTOR = YES;
				GCC_WARN_UNINITIALIZED_AUTOS = YES_AGGRESSIVE;
				GCC_WARN_UNUSED_FUNCTION = YES;
				GCC_WARN_UNUSED_VARIABLE = YES;
				IPHONEOS_DEPLOYMENT_TARGET = 15.0;
				LOCALIZATION_PREFERS_STRING_CATALOGS = YES;
				MTL_ENABLE_DEBUG_INFO = NO;
				MTL_FAST_MATH = YES;
				SDKROOT = iphoneos;
				SWIFT_COMPILATION_MODE = wholemodule;
				VALIDATE_PRODUCT = YES;
			};
			name = Release;
		};
		6B8C53FD2CB9BEC6002557E3 /* Debug */ = {
			isa = XCBuildConfiguration;
			baseConfigurationReference = AEE18B0F3742FA577FE3D36D /* Pods-Hotel.debug.xcconfig */;
			buildSettings = {
				ASSETCATALOG_COMPILER_APPICON_NAME = AppIcon;
				ASSETCATALOG_COMPILER_GLOBAL_ACCENT_COLOR_NAME = AccentColor;
				CODE_SIGN_STYLE = Automatic;
				CURRENT_PROJECT_VERSION = 1;
				DEVELOPMENT_TEAM = 9YUSQBCAX9;
				GENERATE_INFOPLIST_FILE = YES;
				INFOPLIST_FILE = Hotel/Info.plist;
				INFOPLIST_KEY_NSCameraUsageDescription = "We need access to your camera to take photos.";
				INFOPLIST_KEY_NSPhotoLibraryUsageDescription = "We need access to your photo library to choose photos.";
				INFOPLIST_KEY_UIApplicationSupportsIndirectInputEvents = YES;
				INFOPLIST_KEY_UILaunchStoryboardName = LaunchScreen;
				INFOPLIST_KEY_UIMainStoryboardFile = Menu;
				INFOPLIST_KEY_UISupportedInterfaceOrientations = UIInterfaceOrientationPortrait;
				LD_RUNPATH_SEARCH_PATHS = (
					"$(inherited)",
					"@executable_path/Frameworks",
				);
				MARKETING_VERSION = 1.0;
				PRODUCT_BUNDLE_IDENTIFIER = Karen.Hotel;
				PRODUCT_NAME = "$(TARGET_NAME)";
				SWIFT_EMIT_LOC_STRINGS = YES;
				SWIFT_VERSION = 5.0;
				TARGETED_DEVICE_FAMILY = "1,2";
			};
			name = Debug;
		};
		6B8C53FE2CB9BEC6002557E3 /* Release */ = {
			isa = XCBuildConfiguration;
			baseConfigurationReference = E931EECF51BAC4B59D430A8E /* Pods-Hotel.release.xcconfig */;
			buildSettings = {
				ASSETCATALOG_COMPILER_APPICON_NAME = AppIcon;
				ASSETCATALOG_COMPILER_GLOBAL_ACCENT_COLOR_NAME = AccentColor;
				CODE_SIGN_STYLE = Automatic;
				CURRENT_PROJECT_VERSION = 1;
				DEVELOPMENT_TEAM = 9YUSQBCAX9;
				GENERATE_INFOPLIST_FILE = YES;
				INFOPLIST_FILE = Hotel/Info.plist;
				INFOPLIST_KEY_NSCameraUsageDescription = "We need access to your camera to take photos.";
				INFOPLIST_KEY_NSPhotoLibraryUsageDescription = "We need access to your photo library to choose photos.";
				INFOPLIST_KEY_UIApplicationSupportsIndirectInputEvents = YES;
				INFOPLIST_KEY_UILaunchStoryboardName = LaunchScreen;
				INFOPLIST_KEY_UIMainStoryboardFile = Menu;
				INFOPLIST_KEY_UISupportedInterfaceOrientations = UIInterfaceOrientationPortrait;
				LD_RUNPATH_SEARCH_PATHS = (
					"$(inherited)",
					"@executable_path/Frameworks",
				);
				MARKETING_VERSION = 1.0;
				PRODUCT_BUNDLE_IDENTIFIER = Karen.Hotel;
				PRODUCT_NAME = "$(TARGET_NAME)";
				SWIFT_EMIT_LOC_STRINGS = YES;
				SWIFT_VERSION = 5.0;
				TARGETED_DEVICE_FAMILY = "1,2";
			};
			name = Release;
		};
/* End XCBuildConfiguration section */

/* Begin XCConfigurationList section */
		6B8C53E02CB9BEC4002557E3 /* Build configuration list for PBXProject "Hotel" */ = {
			isa = XCConfigurationList;
			buildConfigurations = (
				6B8C53FA2CB9BEC6002557E3 /* Debug */,
				6B8C53FB2CB9BEC6002557E3 /* Release */,
			);
			defaultConfigurationIsVisible = 0;
			defaultConfigurationName = Release;
		};
		6B8C53FC2CB9BEC6002557E3 /* Build configuration list for PBXNativeTarget "Hotel" */ = {
			isa = XCConfigurationList;
			buildConfigurations = (
				6B8C53FD2CB9BEC6002557E3 /* Debug */,
				6B8C53FE2CB9BEC6002557E3 /* Release */,
			);
			defaultConfigurationIsVisible = 0;
			defaultConfigurationName = Release;
		};
/* End XCConfigurationList section */

/* Begin XCVersionGroup section */
		6B8C53F12CB9BEC4002557E3 /* Hotel.xcdatamodeld */ = {
			isa = XCVersionGroup;
			children = (
				6B8C53F22CB9BEC4002557E3 /* Hotel.xcdatamodel */,
			);
			currentVersion = 6B8C53F22CB9BEC4002557E3 /* Hotel.xcdatamodel */;
			path = Hotel.xcdatamodeld;
			sourceTree = "<group>";
			versionGroupType = wrapper.xcdatamodel;
		};
/* End XCVersionGroup section */
	};
	rootObject = 6B8C53DD2CB9BEC4002557E3 /* Project object */;
}
